// !$*UTF8*$!
{
	archiveVersion = 1;
	classes = {
	};
	objectVersion = 50;
	objects = {

/* Begin PBXBuildFile section */
		5806E67823FFA39500E1563B /* AppDelegate.swift in Sources */ = {isa = PBXBuildFile; fileRef = 5806E67723FFA39500E1563B /* AppDelegate.swift */; };
		5806E67A23FFA39500E1563B /* ViewController.swift in Sources */ = {isa = PBXBuildFile; fileRef = 5806E67923FFA39500E1563B /* ViewController.swift */; };
		5806E67D23FFA39500E1563B /* Main.storyboard in Resources */ = {isa = PBXBuildFile; fileRef = 5806E67B23FFA39500E1563B /* Main.storyboard */; };
		5806E67F23FFA39E00E1563B /* Assets.xcassets in Resources */ = {isa = PBXBuildFile; fileRef = 5806E67E23FFA39E00E1563B /* Assets.xcassets */; };
		5806E68223FFA39E00E1563B /* LaunchScreen.storyboard in Resources */ = {isa = PBXBuildFile; fileRef = 5806E68023FFA39E00E1563B /* LaunchScreen.storyboard */; };
		5806E68D23FFA39E00E1563B /* FlixTests.swift in Sources */ = {isa = PBXBuildFile; fileRef = 5806E68C23FFA39E00E1563B /* FlixTests.swift */; };
		5806E69823FFA39E00E1563B /* FlixUITests.swift in Sources */ = {isa = PBXBuildFile; fileRef = 5806E69723FFA39E00E1563B /* FlixUITests.swift */; };
/* End PBXBuildFile section */

/* Begin PBXContainerItemProxy section */
		5806E68923FFA39E00E1563B /* PBXContainerItemProxy */ = {
			isa = PBXContainerItemProxy;
			containerPortal = 5806E66C23FFA39500E1563B /* Project object */;
			proxyType = 1;
			remoteGlobalIDString = 5806E67323FFA39500E1563B;
			remoteInfo = Flix;
		};
		5806E69423FFA39E00E1563B /* PBXContainerItemProxy */ = {
			isa = PBXContainerItemProxy;
			containerPortal = 5806E66C23FFA39500E1563B /* Project object */;
			proxyType = 1;
			remoteGlobalIDString = 5806E67323FFA39500E1563B;
			remoteInfo = Flix;
		};
/* End PBXContainerItemProxy section */

/* Begin PBXFileReference section */
		5806E67423FFA39500E1563B /* Flix.app */ = {isa = PBXFileReference; explicitFileType = wrapper.application; includeInIndex = 0; path = Flix.app; sourceTree = BUILT_PRODUCTS_DIR; };
		5806E67723FFA39500E1563B /* AppDelegate.swift */ = {isa = PBXFileReference; lastKnownFileType = sourcecode.swift; path = AppDelegate.swift; sourceTree = "<group>"; };
		5806E67923FFA39500E1563B /* ViewController.swift */ = {isa = PBXFileReference; lastKnownFileType = sourcecode.swift; path = ViewController.swift; sourceTree = "<group>"; };
		5806E67C23FFA39500E1563B /* Base */ = {isa = PBXFileReference; lastKnownFileType = file.storyboard; name = Base; path = Base.lproj/Main.storyboard; sourceTree = "<group>"; };
		5806E67E23FFA39E00E1563B /* Assets.xcassets */ = {isa = PBXFileReference; lastKnownFileType = folder.assetcatalog; path = Assets.xcassets; sourceTree = "<group>"; };
		5806E68123FFA39E00E1563B /* Base */ = {isa = PBXFileReference; lastKnownFileType = file.storyboard; name = Base; path = Base.lproj/LaunchScreen.storyboard; sourceTree = "<group>"; };
		5806E68323FFA39E00E1563B /* Info.plist */ = {isa = PBXFileReference; lastKnownFileType = text.plist.xml; path = Info.plist; sourceTree = "<group>"; };
		5806E68823FFA39E00E1563B /* FlixTests.xctest */ = {isa = PBXFileReference; explicitFileType = wrapper.cfbundle; includeInIndex = 0; path = FlixTests.xctest; sourceTree = BUILT_PRODUCTS_DIR; };
		5806E68C23FFA39E00E1563B /* FlixTests.swift */ = {isa = PBXFileReference; lastKnownFileType = sourcecode.swift; path = FlixTests.swift; sourceTree = "<group>"; };
		5806E68E23FFA39E00E1563B /* Info.plist */ = {isa = PBXFileReference; lastKnownFileType = text.plist.xml; path = Info.plist; sourceTree = "<group>"; };
		5806E69323FFA39E00E1563B /* FlixUITests.xctest */ = {isa = PBXFileReference; explicitFileType = wrapper.cfbundle; includeInIndex = 0; path = FlixUITests.xctest; sourceTree = BUILT_PRODUCTS_DIR; };
		5806E69723FFA39E00E1563B /* FlixUITests.swift */ = {isa = PBXFileReference; lastKnownFileType = sourcecode.swift; path = FlixUITests.swift; sourceTree = "<group>"; };
		5806E69923FFA39E00E1563B /* Info.plist */ = {isa = PBXFileReference; lastKnownFileType = text.plist.xml; path = Info.plist; sourceTree = "<group>"; };
/* End PBXFileReference section */

/* Begin PBXFrameworksBuildPhase section */
		5806E67123FFA39500E1563B /* Frameworks */ = {
			isa = PBXFrameworksBuildPhase;
			buildActionMask = 2147483647;
			files = (
			);
			runOnlyForDeploymentPostprocessing = 0;
		};
		5806E68523FFA39E00E1563B /* Frameworks */ = {
			isa = PBXFrameworksBuildPhase;
			buildActionMask = 2147483647;
			files = (
			);
			runOnlyForDeploymentPostprocessing = 0;
		};
		5806E69023FFA39E00E1563B /* Frameworks */ = {
			isa = PBXFrameworksBuildPhase;
			buildActionMask = 2147483647;
			files = (
			);
			runOnlyForDeploymentPostprocessing = 0;
		};
/* End PBXFrameworksBuildPhase section */

/* Begin PBXGroup section */
		5806E66B23FFA39500E1563B = {
			isa = PBXGroup;
			children = (
				5806E67623FFA39500E1563B /* Flix */,
				5806E68B23FFA39E00E1563B /* FlixTests */,
				5806E69623FFA39E00E1563B /* FlixUITests */,
				5806E67523FFA39500E1563B /* Products */,
			);
			sourceTree = "<group>";
		};
		5806E67523FFA39500E1563B /* Products */ = {
			isa = PBXGroup;
			children = (
				5806E67423FFA39500E1563B /* Flix.app */,
				5806E68823FFA39E00E1563B /* FlixTests.xctest */,
				5806E69323FFA39E00E1563B /* FlixUITests.xctest */,
			);
			name = Products;
			sourceTree = "<group>";
		};
		5806E67623FFA39500E1563B /* Flix */ = {
			isa = PBXGroup;
			children = (
				5806E67723FFA39500E1563B /* AppDelegate.swift */,
				5806E67923FFA39500E1563B /* ViewController.swift */,
				5806E67B23FFA39500E1563B /* Main.storyboard */,
				5806E67E23FFA39E00E1563B /* Assets.xcassets */,
				5806E68023FFA39E00E1563B /* LaunchScreen.storyboard */,
				5806E68323FFA39E00E1563B /* Info.plist */,
			);
			path = Flix;
			sourceTree = "<group>";
		};
		5806E68B23FFA39E00E1563B /* FlixTests */ = {
			isa = PBXGroup;
			children = (
				5806E68C23FFA39E00E1563B /* FlixTests.swift */,
				5806E68E23FFA39E00E1563B /* Info.plist */,
			);
			path = FlixTests;
			sourceTree = "<group>";
		};
		5806E69623FFA39E00E1563B /* FlixUITests */ = {
			isa = PBXGroup;
			children = (
				5806E69723FFA39E00E1563B /* FlixUITests.swift */,
				5806E69923FFA39E00E1563B /* Info.plist */,
			);
			path = FlixUITests;
			sourceTree = "<group>";
		};
/* End PBXGroup section */

/* Begin PBXNativeTarget section */
		5806E67323FFA39500E1563B /* Flix */ = {
			isa = PBXNativeTarget;
			buildConfigurationList = 5806E69C23FFA39E00E1563B /* Build configuration list for PBXNativeTarget "Flix" */;
			buildPhases = (
				5806E67023FFA39500E1563B /* Sources */,
				5806E67123FFA39500E1563B /* Frameworks */,
				5806E67223FFA39500E1563B /* Resources */,
			);
			buildRules = (
			);
			dependencies = (
			);
			name = Flix;
			productName = Flix;
			productReference = 5806E67423FFA39500E1563B /* Flix.app */;
			productType = "com.apple.product-type.application";
		};
		5806E68723FFA39E00E1563B /* FlixTests */ = {
			isa = PBXNativeTarget;
			buildConfigurationList = 5806E69F23FFA39E00E1563B /* Build configuration list for PBXNativeTarget "FlixTests" */;
			buildPhases = (
				5806E68423FFA39E00E1563B /* Sources */,
				5806E68523FFA39E00E1563B /* Frameworks */,
				5806E68623FFA39E00E1563B /* Resources */,
			);
			buildRules = (
			);
			dependencies = (
				5806E68A23FFA39E00E1563B /* PBXTargetDependency */,
			);
			name = FlixTests;
			productName = FlixTests;
			productReference = 5806E68823FFA39E00E1563B /* FlixTests.xctest */;
			productType = "com.apple.product-type.bundle.unit-test";
		};
		5806E69223FFA39E00E1563B /* FlixUITests */ = {
			isa = PBXNativeTarget;
			buildConfigurationList = 5806E6A223FFA39E00E1563B /* Build configuration list for PBXNativeTarget "FlixUITests" */;
			buildPhases = (
				5806E68F23FFA39E00E1563B /* Sources */,
				5806E69023FFA39E00E1563B /* Frameworks */,
				5806E69123FFA39E00E1563B /* Resources */,
			);
			buildRules = (
			);
			dependencies = (
				5806E69523FFA39E00E1563B /* PBXTargetDependency */,
			);
			name = FlixUITests;
			productName = FlixUITests;
			productReference = 5806E69323FFA39E00E1563B /* FlixUITests.xctest */;
			productType = "com.apple.product-type.bundle.ui-testing";
		};
/* End PBXNativeTarget section */

/* Begin PBXProject section */
		5806E66C23FFA39500E1563B /* Project object */ = {
			isa = PBXProject;
			attributes = {
				LastSwiftUpdateCheck = 1020;
				LastUpgradeCheck = 1020;
				ORGANIZATIONNAME = bryanttran1999;
				TargetAttributes = {
					5806E67323FFA39500E1563B = {
						CreatedOnToolsVersion = 10.2.1;
					};
					5806E68723FFA39E00E1563B = {
						CreatedOnToolsVersion = 10.2.1;
						TestTargetID = 5806E67323FFA39500E1563B;
					};
					5806E69223FFA39E00E1563B = {
						CreatedOnToolsVersion = 10.2.1;
						TestTargetID = 5806E67323FFA39500E1563B;
					};
				};
			};
			buildConfigurationList = 5806E66F23FFA39500E1563B /* Build configuration list for PBXProject "Flix" */;
			compatibilityVersion = "Xcode 9.3";
			developmentRegion = en;
			hasScannedForEncodings = 0;
			knownRegions = (
				en,
				Base,
			);
			mainGroup = 5806E66B23FFA39500E1563B;
			productRefGroup = 5806E67523FFA39500E1563B /* Products */;
			projectDirPath = "";
			projectRoot = "";
			targets = (
				5806E67323FFA39500E1563B /* Flix */,
				5806E68723FFA39E00E1563B /* FlixTests */,
				5806E69223FFA39E00E1563B /* FlixUITests */,
			);
		};
/* End PBXProject section */

/* Begin PBXResourcesBuildPhase section */
		5806E67223FFA39500E1563B /* Resources */ = {
			isa = PBXResourcesBuildPhase;
			buildActionMask = 2147483647;
			files = (
				5806E68223FFA39E00E1563B /* LaunchScreen.storyboard in Resources */,
				5806E67F23FFA39E00E1563B /* Assets.xcassets in Resources */,
				5806E67D23FFA39500E1563B /* Main.storyboard in Resources */,
			);
			runOnlyForDeploymentPostprocessing = 0;
		};
		5806E68623FFA39E00E1563B /* Resources */ = {
			isa = PBXResourcesBuildPhase;
			buildActionMask = 2147483647;
			files = (
			);
			runOnlyForDeploymentPostprocessing = 0;
		};
		5806E69123FFA39E00E1563B /* Resources */ = {
			isa = PBXResourcesBuildPhase;
			buildActionMask = 2147483647;
			files = (
			);
			runOnlyForDeploymentPostprocessing = 0;
		};
/* End PBXResourcesBuildPhase section */

/* Begin PBXSourcesBuildPhase section */
		5806E67023FFA39500E1563B /* Sources */ = {
			isa = PBXSourcesBuildPhase;
			buildActionMask = 2147483647;
			files = (
				5806E67A23FFA39500E1563B /* ViewController.swift in Sources */,
				5806E67823FFA39500E1563B /* AppDelegate.swift in Sources */,
			);
			runOnlyForDeploymentPostprocessing = 0;
		};
		5806E68423FFA39E00E1563B /* Sources */ = {
			isa = PBXSourcesBuildPhase;
			buildActionMask = 2147483647;
			files = (
				5806E68D23FFA39E00E1563B /* FlixTests.swift in Sources */,
			);
			runOnlyForDeploymentPostprocessing = 0;
		};
		5806E68F23FFA39E00E1563B /* Sources */ = {
			isa = PBXSourcesBuildPhase;
			buildActionMask = 2147483647;
			files = (
				5806E69823FFA39E00E1563B /* FlixUITests.swift in Sources */,
			);
			runOnlyForDeploymentPostprocessing = 0;
		};
/* End PBXSourcesBuildPhase section */

/* Begin PBXTargetDependency section */
		5806E68A23FFA39E00E1563B /* PBXTargetDependency */ = {
			isa = PBXTargetDependency;
			target = 5806E67323FFA39500E1563B /* Flix */;
			targetProxy = 5806E68923FFA39E00E1563B /* PBXContainerItemProxy */;
		};
		5806E69523FFA39E00E1563B /* PBXTargetDependency */ = {
			isa = PBXTargetDependency;
			target = 5806E67323FFA39500E1563B /* Flix */;
			targetProxy = 5806E69423FFA39E00E1563B /* PBXContainerItemProxy */;
		};
/* End PBXTargetDependency section */

/* Begin PBXVariantGroup section */
		5806E67B23FFA39500E1563B /* Main.storyboard */ = {
			isa = PBXVariantGroup;
			children = (
				5806E67C23FFA39500E1563B /* Base */,
			);
			name = Main.storyboard;
			sourceTree = "<group>";
		};
		5806E68023FFA39E00E1563B /* LaunchScreen.storyboard */ = {
			isa = PBXVariantGroup;
			children = (
				5806E68123FFA39E00E1563B /* Base */,
			);
			name = LaunchScreen.storyboard;
			sourceTree = "<group>";
		};
/* End PBXVariantGroup section */

/* Begin XCBuildConfiguration section */
		5806E69A23FFA39E00E1563B /* Debug */ = {
			isa = XCBuildConfiguration;
			buildSettings = {
				ALWAYS_SEARCH_USER_PATHS = NO;
				CLANG_ANALYZER_NONNULL = YES;
				CLANG_ANALYZER_NUMBER_OBJECT_CONVERSION = YES_AGGRESSIVE;
				CLANG_CXX_LANGUAGE_STANDARD = "gnu++14";
				CLANG_CXX_LIBRARY = "libc++";
				CLANG_ENABLE_MODULES = YES;
				CLANG_ENABLE_OBJC_ARC = YES;
				CLANG_ENABLE_OBJC_WEAK = YES;
				CLANG_WARN_BLOCK_CAPTURE_AUTORELEASING = YES;
				CLANG_WARN_BOOL_CONVERSION = YES;
				CLANG_WARN_COMMA = YES;
				CLANG_WARN_CONSTANT_CONVERSION = YES;
				CLANG_WARN_DEPRECATED_OBJC_IMPLEMENTATIONS = YES;
				CLANG_WARN_DIRECT_OBJC_ISA_USAGE = YES_ERROR;
				CLANG_WARN_DOCUMENTATION_COMMENTS = YES;
				CLANG_WARN_EMPTY_BODY = YES;
				CLANG_WARN_ENUM_CONVERSION = YES;
				CLANG_WARN_INFINITE_RECURSION = YES;
				CLANG_WARN_INT_CONVERSION = YES;
				CLANG_WARN_NON_LITERAL_NULL_CONVERSION = YES;
				CLANG_WARN_OBJC_IMPLICIT_RETAIN_SELF = YES;
				CLANG_WARN_OBJC_LITERAL_CONVERSION = YES;
				CLANG_WARN_OBJC_ROOT_CLASS = YES_ERROR;
				CLANG_WARN_RANGE_LOOP_ANALYSIS = YES;
				CLANG_WARN_STRICT_PROTOTYPES = YES;
				CLANG_WARN_SUSPICIOUS_MOVE = YES;
				CLANG_WARN_UNGUARDED_AVAILABILITY = YES_AGGRESSIVE;
				CLANG_WARN_UNREACHABLE_CODE = YES;
				CLANG_WARN__DUPLICATE_METHOD_MATCH = YES;
				CODE_SIGN_IDENTITY = "iPhone Developer";
				COPY_PHASE_STRIP = NO;
				DEBUG_INFORMATION_FORMAT = dwarf;
				ENABLE_STRICT_OBJC_MSGSEND = YES;
				ENABLE_TESTABILITY = YES;
				GCC_C_LANGUAGE_STANDARD = gnu11;
				GCC_DYNAMIC_NO_PIC = NO;
				GCC_NO_COMMON_BLOCKS = YES;
				GCC_OPTIMIZATION_LEVEL = 0;
				GCC_PREPROCESSOR_DEFINITIONS = (
					"DEBUG=1",
					"$(inherited)",
				);
				GCC_WARN_64_TO_32_BIT_CONVERSION = YES;
				GCC_WARN_ABOUT_RETURN_TYPE = YES_ERROR;
				GCC_WARN_UNDECLARED_SELECTOR = YES;
				GCC_WARN_UNINITIALIZED_AUTOS = YES_AGGRESSIVE;
				GCC_WARN_UNUSED_FUNCTION = YES;
				GCC_WARN_UNUSED_VARIABLE = YES;
				IPHONEOS_DEPLOYMENT_TARGET = 12.2;
				MTL_ENABLE_DEBUG_INFO = INCLUDE_SOURCE;
				MTL_FAST_MATH = YES;
				ONLY_ACTIVE_ARCH = YES;
				SDKROOT = iphoneos;
				SWIFT_ACTIVE_COMPILATION_CONDITIONS = DEBUG;
				SWIFT_OPTIMIZATION_LEVEL = "-Onone";
			};
			name = Debug;
		};
		5806E69B23FFA39E00E1563B /* Release */ = {
			isa = XCBuildConfiguration;
			buildSettings = {
				ALWAYS_SEARCH_USER_PATHS = NO;
				CLANG_ANALYZER_NONNULL = YES;
				CLANG_ANALYZER_NUMBER_OBJECT_CONVERSION = YES_AGGRESSIVE;
				CLANG_CXX_LANGUAGE_STANDARD = "gnu++14";
				CLANG_CXX_LIBRARY = "libc++";
				CLANG_ENABLE_MODULES = YES;
				CLANG_ENABLE_OBJC_ARC = YES;
				CLANG_ENABLE_OBJC_WEAK = YES;
				CLANG_WARN_BLOCK_CAPTURE_AUTORELEASING = YES;
				CLANG_WARN_BOOL_CONVERSION = YES;
				CLANG_WARN_COMMA = YES;
				CLANG_WARN_CONSTANT_CONVERSION = YES;
				CLANG_WARN_DEPRECATED_OBJC_IMPLEMENTATIONS = YES;
				CLANG_WARN_DIRECT_OBJC_ISA_USAGE = YES_ERROR;
				CLANG_WARN_DOCUMENTATION_COMMENTS = YES;
				CLANG_WARN_EMPTY_BODY = YES;
				CLANG_WARN_ENUM_CONVERSION = YES;
				CLANG_WARN_INFINITE_RECURSION = YES;
				CLANG_WARN_INT_CONVERSION = YES;
				CLANG_WARN_NON_LITERAL_NULL_CONVERSION = YES;
				CLANG_WARN_OBJC_IMPLICIT_RETAIN_SELF = YES;
				CLANG_WARN_OBJC_LITERAL_CONVERSION = YES;
				CLANG_WARN_OBJC_ROOT_CLASS = YES_ERROR;
				CLANG_WARN_RANGE_LOOP_ANALYSIS = YES;
				CLANG_WARN_STRICT_PROTOTYPES = YES;
				CLANG_WARN_SUSPICIOUS_MOVE = YES;
				CLANG_WARN_UNGUARDED_AVAILABILITY = YES_AGGRESSIVE;
				CLANG_WARN_UNREACHABLE_CODE = YES;
				CLANG_WARN__DUPLICATE_METHOD_MATCH = YES;
				CODE_SIGN_IDENTITY = "iPhone Developer";
				COPY_PHASE_STRIP = NO;
				DEBUG_INFORMATION_FORMAT = "dwarf-with-dsym";
				ENABLE_NS_ASSERTIONS = NO;
				ENABLE_STRICT_OBJC_MSGSEND = YES;
				GCC_C_LANGUAGE_STANDARD = gnu11;
				GCC_NO_COMMON_BLOCKS = YES;
				GCC_WARN_64_TO_32_BIT_CONVERSION = YES;
				GCC_WARN_ABOUT_RETURN_TYPE = YES_ERROR;
				GCC_WARN_UNDECLARED_SELECTOR = YES;
				GCC_WARN_UNINITIALIZED_AUTOS = YES_AGGRESSIVE;
				GCC_WARN_UNUSED_FUNCTION = YES;
				GCC_WARN_UNUSED_VARIABLE = YES;
				IPHONEOS_DEPLOYMENT_TARGET = 12.2;
				MTL_ENABLE_DEBUG_INFO = NO;
				MTL_FAST_MATH = YES;
				SDKROOT = iphoneos;
				SWIFT_COMPILATION_MODE = wholemodule;
				SWIFT_OPTIMIZATION_LEVEL = "-O";
				VALIDATE_PRODUCT = YES;
			};
			name = Release;
		};
		5806E69D23FFA39E00E1563B /* Debug */ = {
			isa = XCBuildConfiguration;
			buildSettings = {
				ASSETCATALOG_COMPILER_APPICON_NAME = AppIcon;
				CODE_SIGN_STYLE = Automatic;
				INFOPLIST_FILE = Flix/Info.plist;
				LD_RUNPATH_SEARCH_PATHS = (
					"$(inherited)",
					"@executable_path/Frameworks",
				);
				PRODUCT_BUNDLE_IDENTIFIER = BT.Flix;
				PRODUCT_NAME = "$(TARGET_NAME)";
				SWIFT_VERSION = 5.0;
				TARGETED_DEVICE_FAMILY = "1,2";
			};
			name = Debug;
		};
		5806E69E23FFA39E00E1563B /* Release */ = {
			isa = XCBuildConfiguration;
			buildSettings = {
				ASSETCATALOG_COMPILER_APPICON_NAME = AppIcon;
				CODE_SIGN_STYLE = Automatic;
				INFOPLIST_FILE = Flix/Info.plist;
				LD_RUNPATH_SEARCH_PATHS = (
					"$(inherited)",
					"@executable_path/Frameworks",
				);
				PRODUCT_BUNDLE_IDENTIFIER = BT.Flix;
				PRODUCT_NAME = "$(TARGET_NAME)";
				SWIFT_VERSION = 5.0;
				TARGETED_DEVICE_FAMILY = "1,2";
			};
			name = Release;
		};
		5806E6A023FFA39E00E1563B /* Debug */ = {
			isa = XCBuildConfiguration;
			buildSettings = {
				ALWAYS_EMBED_SWIFT_STANDARD_LIBRARIES = YES;
				BUNDLE_LOADER = "$(TEST_HOST)";
				CODE_SIGN_STYLE = Automatic;
				INFOPLIST_FILE = FlixTests/Info.plist;
				LD_RUNPATH_SEARCH_PATHS = (
					"$(inherited)",
					"@executable_path/Frameworks",
					"@loader_path/Frameworks",
				);
				PRODUCT_BUNDLE_IDENTIFIER = BT.FlixTests;
				PRODUCT_NAME = "$(TARGET_NAME)";
				SWIFT_VERSION = 5.0;
				TARGETED_DEVICE_FAMILY = "1,2";
				TEST_HOST = "$(BUILT_PRODUCTS_DIR)/Flix.app/Flix";
			};
			name = Debug;
		};
		5806E6A123FFA39E00E1563B /* Release */ = {
			isa = XCBuildConfiguration;
			buildSettings = {
				ALWAYS_EMBED_SWIFT_STANDARD_LIBRARIES = YES;
				BUNDLE_LOADER = "$(TEST_HOST)";
				CODE_SIGN_STYLE = Automatic;
				INFOPLIST_FILE = FlixTests/Info.plist;
				LD_RUNPATH_SEARCH_PATHS = (
					"$(inherited)",
					"@executable_path/Frameworks",
					"@loader_path/Frameworks",
				);
				PRODUCT_BUNDLE_IDENTIFIER = BT.FlixTests;
				PRODUCT_NAME = "$(TARGET_NAME)";
				SWIFT_VERSION = 5.0;
				TARGETED_DEVICE_FAMILY = "1,2";
				TEST_HOST = "$(BUILT_PRODUCTS_DIR)/Flix.app/Flix";
			};
			name = Release;
		};
		5806E6A323FFA39E00E1563B /* Debug */ = {
			isa = XCBuildConfiguration;
			buildSettings = {
				ALWAYS_EMBED_SWIFT_STANDARD_LIBRARIES = YES;
				CODE_SIGN_STYLE = Automatic;
				INFOPLIST_FILE = FlixUITests/Info.plist;
				LD_RUNPATH_SEARCH_PATHS = (
					"$(inherited)",
					"@executable_path/Frameworks",
					"@loader_path/Frameworks",
				);
				PRODUCT_BUNDLE_IDENTIFIER = BT.FlixUITests;
				PRODUCT_NAME = "$(TARGET_NAME)";
				SWIFT_VERSION = 5.0;
				TARGETED_DEVICE_FAMILY = "1,2";
				TEST_TARGET_NAME = Flix;
			};
			name = Debug;
		};
		5806E6A423FFA39E00E1563B /* Release */ = {
			isa = XCBuildConfiguration;
			buildSettings = {
				ALWAYS_EMBED_SWIFT_STANDARD_LIBRARIES = YES;
				CODE_SIGN_STYLE = Automatic;
				INFOPLIST_FILE = FlixUITests/Info.plist;
				LD_RUNPATH_SEARCH_PATHS = (
					"$(inherited)",
					"@executable_path/Frameworks",
					"@loader_path/Frameworks",
				);
				PRODUCT_BUNDLE_IDENTIFIER = BT.FlixUITests;
				PRODUCT_NAME = "$(TARGET_NAME)";
				SWIFT_VERSION = 5.0;
				TARGETED_DEVICE_FAMILY = "1,2";
				TEST_TARGET_NAME = Flix;
			};
			name = Release;
		};
/* End XCBuildConfiguration section */

/* Begin XCConfigurationList section */
		5806E66F23FFA39500E1563B /* Build configuration list for PBXProject "Flix" */ = {
			isa = XCConfigurationList;
			buildConfigurations = (
				5806E69A23FFA39E00E1563B /* Debug */,
				5806E69B23FFA39E00E1563B /* Release */,
			);
			defaultConfigurationIsVisible = 0;
			defaultConfigurationName = Release;
		};
		5806E69C23FFA39E00E1563B /* Build configuration list for PBXNativeTarget "Flix" */ = {
			isa = XCConfigurationList;
			buildConfigurations = (
				5806E69D23FFA39E00E1563B /* Debug */,
				5806E69E23FFA39E00E1563B /* Release */,
			);
			defaultConfigurationIsVisible = 0;
			defaultConfigurationName = Release;
		};
		5806E69F23FFA39E00E1563B /* Build configuration list for PBXNativeTarget "FlixTests" */ = {
			isa = XCConfigurationList;
			buildConfigurations = (
				5806E6A023FFA39E00E1563B /* Debug */,
				5806E6A123FFA39E00E1563B /* Release */,
			);
			defaultConfigurationIsVisible = 0;
			defaultConfigurationName = Release;
		};
		5806E6A223FFA39E00E1563B /* Build configuration list for PBXNativeTarget "FlixUITests" */ = {
			isa = XCConfigurationList;
			buildConfigurations = (
				5806E6A323FFA39E00E1563B /* Debug */,
				5806E6A423FFA39E00E1563B /* Release */,
			);
			defaultConfigurationIsVisible = 0;
			defaultConfigurationName = Release;
		};
/* End XCConfigurationList section */
	};
	rootObject = 5806E66C23FFA39500E1563B /* Project object */;
}
